
Microsoft Visual Studio Solution File, Format Version 12.00
# Visual Studio 15
Project("{FAE04EC0-301F-11D3-BF4B-00C04F79EFBC}") = "Assembly-CSharp", "Assembly-CSharp.csproj", "{3556F885-FD00-0E79-9DF1-54DC8EA9211A}"
EndProject
Project("{FAE04EC0-301F-11D3-BF4B-00C04F79EFBC}") = "NavMeshComponents", "NavMeshComponents.csproj", "{7497269C-7AE5-D127-2720-0C57521218D6}"
EndProject
Project("{FAE04EC0-301F-11D3-BF4B-00C04F79EFBC}") = "NavMeshComponentsEditor", "NavMeshComponentsEditor.csproj", "{EECF55DD-0606-07C4-1F7F-7BF36A05564A}"
EndProject
Global
	GlobalSection(SolutionConfigurationPlatforms) = preSolution
		Debug|Any CPU = Debug|Any CPU
		Release|Any CPU = Release|Any CPU
	EndGlobalSection
	GlobalSection(ProjectConfigurationPlatforms) = postSolution
		{3556F885-FD00-0E79-9DF1-54DC8EA9211A}.Debug|Any CPU.ActiveCfg = Debug|Any CPU
		{3556F885-FD00-0E79-9DF1-54DC8EA9211A}.Debug|Any CPU.Build.0 = Debug|Any CPU
		{3556F885-FD00-0E79-9DF1-54DC8EA9211A}.Release|Any CPU.ActiveCfg = Release|Any CPU
		{3556F885-FD00-0E79-9DF1-54DC8EA9211A}.Release|Any CPU.Build.0 = Release|Any CPU
		{7497269C-7AE5-D127-2720-0C57521218D6}.Debug|Any CPU.ActiveCfg = Debug|Any CPU
		{7497269C-7AE5-D127-2720-0C57521218D6}.Debug|Any CPU.Build.0 = Debug|Any CPU
		{7497269C-7AE5-D127-2720-0C57521218D6}.Release|Any CPU.ActiveCfg = Release|Any CPU
		{7497269C-7AE5-D127-2720-0C57521218D6}.Release|Any CPU.Build.0 = Release|Any CPU
		{EECF55DD-0606-07C4-1F7F-7BF36A05564A}.Debug|Any CPU.ActiveCfg = Debug|Any CPU
		{EECF55DD-0606-07C4-1F7F-7BF36A05564A}.Debug|Any CPU.Build.0 = Debug|Any CPU
		{EECF55DD-0606-07C4-1F7F-7BF36A05564A}.Release|Any CPU.ActiveCfg = Release|Any CPU
		{EECF55DD-0606-07C4-1F7F-7BF36A05564A}.Release|Any CPU.Build.0 = Release|Any CPU
	EndGlobalSection
	GlobalSection(SolutionProperties) = preSolution
		HideSolutionNode = FALSE
	EndGlobalSection
EndGlobal
